
Microsoft Visual Studio Solution File, Format Version 10.00
# Visual Studio 2008
Project("{FAE04EC0-301F-11D3-BF4B-00C04F79EFBC}") = "Sharepoint Favorites Manager Client", "Sharepoint Favorites Manager Client.csproj", "{B395686C-A987-483A-9D5F-E26AA36EA7A8}"
EndProject
Global
	GlobalSection(SolutionConfigurationPlatforms) = preSolution
		Debug|Any CPU = Debug|Any CPU
		Release|Any CPU = Release|Any CPU
	EndGlobalSection
	GlobalSection(ProjectConfigurationPlatforms) = postSolution
		{B395686C-A987-483A-9D5F-E26AA36EA7A8}.Debug|Any CPU.ActiveCfg = Debug|Any CPU
		{B395686C-A987-483A-9D5F-E26AA36EA7A8}.Debug|Any CPU.Build.0 = Debug|Any CPU
		{B395686C-A987-483A-9D5F-E26AA36EA7A8}.Release|Any CPU.ActiveCfg = Release|Any CPU
		{B395686C-A987-483A-9D5F-E26AA36EA7A8}.Release|Any CPU.Build.0 = Release|Any CPU
	EndGlobalSection
	GlobalSection(SolutionProperties) = preSolution
		HideSolutionNode = FALSE
	EndGlobalSection
	GlobalSection(ExtensibilityGlobals) = postSolution
		VisualSVNWorkingCopyRoot = 
	EndGlobalSection
EndGlobal
