
Microsoft Visual Studio Solution File, Format Version 10.00
# Visual Studio 2008
Project("{FAE04EC0-301F-11D3-BF4B-00C04F79EFBC}") = "Sharepoint Content Type Explorer", "Sharepoint Content Type Explorer.csproj", "{9681C8AD-D035-4A65-B109-72DCA3071DEC}"
EndProject
Global
	GlobalSection(SolutionConfigurationPlatforms) = preSolution
		Debug|Any CPU = Debug|Any CPU
		Release|Any CPU = Release|Any CPU
	EndGlobalSection
	GlobalSection(ProjectConfigurationPlatforms) = postSolution
		{9681C8AD-D035-4A65-B109-72DCA3071DEC}.Debug|Any CPU.ActiveCfg = Debug|Any CPU
		{9681C8AD-D035-4A65-B109-72DCA3071DEC}.Debug|Any CPU.Build.0 = Debug|Any CPU
		{9681C8AD-D035-4A65-B109-72DCA3071DEC}.Release|Any CPU.ActiveCfg = Release|Any CPU
		{9681C8AD-D035-4A65-B109-72DCA3071DEC}.Release|Any CPU.Build.0 = Release|Any CPU
	EndGlobalSection
	GlobalSection(SolutionProperties) = preSolution
		HideSolutionNode = FALSE
	EndGlobalSection
	GlobalSection(ExtensibilityGlobals) = postSolution
		VisualSVNWorkingCopyRoot = 
	EndGlobalSection
EndGlobal
