
Microsoft Visual Studio Solution File, Format Version 9.00
# Visual Studio 2005
Project("{FAE04EC0-301F-11D3-BF4B-00C04F79EFBC}") = "Favorites Manager Client", "Favorites Manager Client.csproj", "{B395686C-A987-483A-9D5F-E26AA36EA7A8}"
EndProject
Project("{FAE04EC0-301F-11D3-BF4B-00C04F79EFBC}") = "Favorites Manager Core", "..\Favorites Manager Core\Favorites Manager Core.csproj", "{82F16FFC-6AD2-443A-A992-9B7F16614A4D}"
EndProject
Project("{E24C65DC-7377-472B-9ABA-BC803B73C61A}") = "http://localhost:8075/", "http://localhost:8075", "{D76B5D72-ECF1-46B2-9A44-30FFB9D4A1F8}"
	ProjectSection(WebsiteProperties) = preProject
		ProjectReferences = "{82F16FFC-6AD2-443A-A992-9B7F16614A4D}|FavoritesWebService.dll;"
		Debug.AspNetCompiler.VirtualPath = "/localhost:8075"
		Debug.AspNetCompiler.PhysicalPath = "..\Favorites Manager WS\"
		Debug.AspNetCompiler.TargetPath = "E:\Working\Sharepoint Favorites Manager V 1.0\Favorites Manager Client\PrecompiledWeb\localhost:8075\"
		Debug.AspNetCompiler.Updateable = "true"
		Debug.AspNetCompiler.ForceOverwrite = "true"
		Debug.AspNetCompiler.FixedNames = "false"
		Debug.AspNetCompiler.Debug = "True"
		Release.AspNetCompiler.VirtualPath = "/localhost:8075"
		Release.AspNetCompiler.PhysicalPath = "..\Favorites Manager WS\"
		Release.AspNetCompiler.TargetPath = "E:\Working\Sharepoint Favorites Manager V 1.0\Favorites Manager Client\PrecompiledWeb\localhost:8075\"
		Release.AspNetCompiler.Updateable = "true"
		Release.AspNetCompiler.ForceOverwrite = "true"
		Release.AspNetCompiler.FixedNames = "false"
		Release.AspNetCompiler.Debug = "False"
		SlnRelativePath = "..\Favorites Manager WS\"
	EndProjectSection
EndProject
Global
	GlobalSection(SolutionConfigurationPlatforms) = preSolution
		Debug|.NET = Debug|.NET
		Debug|Any CPU = Debug|Any CPU
		Debug|Mixed Platforms = Debug|Mixed Platforms
		Release|.NET = Release|.NET
		Release|Any CPU = Release|Any CPU
		Release|Mixed Platforms = Release|Mixed Platforms
	EndGlobalSection
	GlobalSection(ProjectConfigurationPlatforms) = postSolution
		{B395686C-A987-483A-9D5F-E26AA36EA7A8}.Debug|.NET.ActiveCfg = Debug|Any CPU
		{B395686C-A987-483A-9D5F-E26AA36EA7A8}.Debug|Any CPU.ActiveCfg = Debug|Any CPU
		{B395686C-A987-483A-9D5F-E26AA36EA7A8}.Debug|Any CPU.Build.0 = Debug|Any CPU
		{B395686C-A987-483A-9D5F-E26AA36EA7A8}.Debug|Mixed Platforms.ActiveCfg = Debug|Any CPU
		{B395686C-A987-483A-9D5F-E26AA36EA7A8}.Debug|Mixed Platforms.Build.0 = Debug|Any CPU
		{B395686C-A987-483A-9D5F-E26AA36EA7A8}.Release|.NET.ActiveCfg = Release|Any CPU
		{B395686C-A987-483A-9D5F-E26AA36EA7A8}.Release|Any CPU.ActiveCfg = Release|Any CPU
		{B395686C-A987-483A-9D5F-E26AA36EA7A8}.Release|Any CPU.Build.0 = Release|Any CPU
		{B395686C-A987-483A-9D5F-E26AA36EA7A8}.Release|Mixed Platforms.ActiveCfg = Release|Any CPU
		{B395686C-A987-483A-9D5F-E26AA36EA7A8}.Release|Mixed Platforms.Build.0 = Release|Any CPU
		{82F16FFC-6AD2-443A-A992-9B7F16614A4D}.Debug|.NET.ActiveCfg = Debug|Any CPU
		{82F16FFC-6AD2-443A-A992-9B7F16614A4D}.Debug|Any CPU.ActiveCfg = Debug|Any CPU
		{82F16FFC-6AD2-443A-A992-9B7F16614A4D}.Debug|Any CPU.Build.0 = Debug|Any CPU
		{82F16FFC-6AD2-443A-A992-9B7F16614A4D}.Debug|Mixed Platforms.ActiveCfg = Debug|Any CPU
		{82F16FFC-6AD2-443A-A992-9B7F16614A4D}.Debug|Mixed Platforms.Build.0 = Debug|Any CPU
		{82F16FFC-6AD2-443A-A992-9B7F16614A4D}.Release|.NET.ActiveCfg = Release|Any CPU
		{82F16FFC-6AD2-443A-A992-9B7F16614A4D}.Release|Any CPU.ActiveCfg = Release|Any CPU
		{82F16FFC-6AD2-443A-A992-9B7F16614A4D}.Release|Any CPU.Build.0 = Release|Any CPU
		{82F16FFC-6AD2-443A-A992-9B7F16614A4D}.Release|Mixed Platforms.ActiveCfg = Release|Any CPU
		{82F16FFC-6AD2-443A-A992-9B7F16614A4D}.Release|Mixed Platforms.Build.0 = Release|Any CPU
		{D76B5D72-ECF1-46B2-9A44-30FFB9D4A1F8}.Debug|.NET.ActiveCfg = Debug|.NET
		{D76B5D72-ECF1-46B2-9A44-30FFB9D4A1F8}.Debug|.NET.Build.0 = Debug|.NET
		{D76B5D72-ECF1-46B2-9A44-30FFB9D4A1F8}.Debug|Any CPU.ActiveCfg = Debug|.NET
		{D76B5D72-ECF1-46B2-9A44-30FFB9D4A1F8}.Debug|Mixed Platforms.ActiveCfg = Debug|.NET
		{D76B5D72-ECF1-46B2-9A44-30FFB9D4A1F8}.Debug|Mixed Platforms.Build.0 = Debug|.NET
		{D76B5D72-ECF1-46B2-9A44-30FFB9D4A1F8}.Release|.NET.ActiveCfg = Debug|.NET
		{D76B5D72-ECF1-46B2-9A44-30FFB9D4A1F8}.Release|.NET.Build.0 = Debug|.NET
		{D76B5D72-ECF1-46B2-9A44-30FFB9D4A1F8}.Release|Any CPU.ActiveCfg = Debug|.NET
		{D76B5D72-ECF1-46B2-9A44-30FFB9D4A1F8}.Release|Mixed Platforms.ActiveCfg = Debug|.NET
		{D76B5D72-ECF1-46B2-9A44-30FFB9D4A1F8}.Release|Mixed Platforms.Build.0 = Debug|.NET
	EndGlobalSection
	GlobalSection(SolutionProperties) = preSolution
		HideSolutionNode = FALSE
	EndGlobalSection
EndGlobal
